<?xml version="1.0" encoding="utf-8"?>
<Project ToolsVersion="4.0" xmlns="http://schemas.microsoft.com/developer/msbuild/2003">
  <ItemGroup>
    <None Include="ReadMe.txt" />
  </ItemGroup>
  <ItemGroup>
    <Filter Include="src">
      <UniqueIdentifier>{3d5792f2-78e9-477a-9d93-c033278653b8}</UniqueIdentifier>
    </Filter>
    <Filter Include="src\common">
      <UniqueIdentifier>{c55837e2-e76b-46ad-b364-54f43fad10ee}</UniqueIdentifier>
    </Filter>
    <Filter Include="src\CTPAPI">
      <UniqueIdentifier>{78b8fec3-c3c8-44ba-8ea5-099e33e510fb}</UniqueIdentifier>
    </Filter>
    <Filter Include="src\MarketProcess">
      <UniqueIdentifier>{211d5942-c06a-492a-8c19-ee0782578d72}</UniqueIdentifier>
    </Filter>
    <Filter Include="src\TradeProcess">
      <UniqueIdentifier>{a12eaa94-2fed-4c13-b8a0-ad0994ec67a8}</UniqueIdentifier>
    </Filter>
  </ItemGroup>
  <ItemGroup>
    <ClCompile Include="src\MarketSubscriber.cpp">
      <Filter>src</Filter>
    </ClCompile>
    <ClCompile Include="src\stdafx.cpp">
      <Filter>src</Filter>
    </ClCompile>
    <ClCompile Include="src\common\CommonLog.cpp">
      <Filter>src\common</Filter>
    </ClCompile>
    <ClCompile Include="src\common\InstrumentLog.cpp">
      <Filter>src\common</Filter>
    </ClCompile>
    <ClCompile Include="src\MarketProcess\MarketProcess.cpp">
      <Filter>src\MarketProcess</Filter>
    </ClCompile>
    <ClCompile Include="src\TradeProcess\TradeProcess.cpp">
      <Filter>src\TradeProcess</Filter>
    </ClCompile>
    <ClCompile Include="src\TradeProcess\TradeService.cpp">
      <Filter>src\TradeProcess</Filter>
    </ClCompile>
  </ItemGroup>
  <ItemGroup>
    <ClInclude Include="src\stdafx.h">
      <Filter>src</Filter>
    </ClInclude>
    <ClInclude Include="src\targetver.h">
      <Filter>src</Filter>
    </ClInclude>
    <ClInclude Include="src\common\BackTestAgent.h">
      <Filter>src\common</Filter>
    </ClInclude>
    <ClInclude Include="src\common\CommonLog.h">
      <Filter>src\common</Filter>
    </ClInclude>
    <ClInclude Include="src\common\ConfigReader.h">
      <Filter>src\common</Filter>
    </ClInclude>
    <ClInclude Include="src\common\DataReader.h">
      <Filter>src\common</Filter>
    </ClInclude>
    <ClInclude Include="src\common\DataTypes.h">
      <Filter>src\common</Filter>
    </ClInclude>
    <ClInclude Include="src\common\Hook.h">
      <Filter>src\common</Filter>
    </ClInclude>
    <ClInclude Include="src\common\InstrumentLog.h">
      <Filter>src\common</Filter>
    </ClInclude>
    <ClInclude Include="src\common\ParseTradeInfo.h">
      <Filter>src\common</Filter>
    </ClInclude>
    <ClInclude Include="src\common\Timer.h">
      <Filter>src\common</Filter>
    </ClInclude>
    <ClInclude Include="src\CTPAPI\ThostFtdcMdApi.h">
      <Filter>src\CTPAPI</Filter>
    </ClInclude>
    <ClInclude Include="src\CTPAPI\ThostFtdcTraderApi.h">
      <Filter>src\CTPAPI</Filter>
    </ClInclude>
    <ClInclude Include="src\CTPAPI\ThostFtdcUserApiDataType.h">
      <Filter>src\CTPAPI</Filter>
    </ClInclude>
    <ClInclude Include="src\CTPAPI\ThostFtdcUserApiStruct.h">
      <Filter>src\CTPAPI</Filter>
    </ClInclude>
    <ClInclude Include="src\MarketProcess\MarketProcess.h">
      <Filter>src\MarketProcess</Filter>
    </ClInclude>
    <ClInclude Include="src\TradeProcess\TradeProcess.h">
      <Filter>src\TradeProcess</Filter>
    </ClInclude>
  </ItemGroup>
  <ItemGroup>
    <Library Include="src\CTPAPI\thostmduserapi.lib">
      <Filter>src\CTPAPI</Filter>
    </Library>
    <Library Include="src\CTPAPI\thosttraderapi.lib">
      <Filter>src\CTPAPI</Filter>
    </Library>
  </ItemGroup>
</Project>