
Microsoft Visual Studio Solution File, Format Version 11.00
# Visual Studio 2010
Project("{8BC9CEB8-8B4A-11D0-8D11-00A0C91BC942}") = "MarketSubscriber", "MarketSubscriber\MarketSubscriber.vcxproj", "{D83E0CA3-92AB-435C-9EB2-D42B5684FF87}"
EndProject
Global
	GlobalSection(SolutionConfigurationPlatforms) = preSolution
		Debug|Win32 = Debug|Win32
		Release|Win32 = Release|Win32
		Steady|Win32 = Steady|Win32
	EndGlobalSection
	GlobalSection(ProjectConfigurationPlatforms) = postSolution
		{D83E0CA3-92AB-435C-9EB2-D42B5684FF87}.Debug|Win32.ActiveCfg = Debug|Win32
		{D83E0CA3-92AB-435C-9EB2-D42B5684FF87}.Debug|Win32.Build.0 = Debug|Win32
		{D83E0CA3-92AB-435C-9EB2-D42B5684FF87}.Release|Win32.ActiveCfg = Release|Win32
		{D83E0CA3-92AB-435C-9EB2-D42B5684FF87}.Release|Win32.Build.0 = Release|Win32
		{D83E0CA3-92AB-435C-9EB2-D42B5684FF87}.Steady|Win32.ActiveCfg = Steady|Win32
		{D83E0CA3-92AB-435C-9EB2-D42B5684FF87}.Steady|Win32.Build.0 = Steady|Win32
	EndGlobalSection
	GlobalSection(SolutionProperties) = preSolution
		HideSolutionNode = FALSE
	EndGlobalSection
EndGlobal
