<?xml version="1.0" encoding="utf-8"?>
<Project ToolsVersion="4.0" xmlns="http://schemas.microsoft.com/developer/msbuild/2003">
  <ItemGroup>
    <Filter Include="src">
      <UniqueIdentifier>{33f70019-0da2-46e5-8806-4ede9e0174c4}</UniqueIdentifier>
    </Filter>
    <Filter Include="src\common">
      <UniqueIdentifier>{786b5064-0bbf-4c22-bf8e-cab213412d22}</UniqueIdentifier>
    </Filter>
    <Filter Include="src\CTPAPI">
      <UniqueIdentifier>{0e0b14d2-9984-40d5-a0f0-fd9a089b7c57}</UniqueIdentifier>
    </Filter>
    <Filter Include="src\TradeProcess">
      <UniqueIdentifier>{7f7febb7-81d4-48c5-8dbf-4377db7ad8a5}</UniqueIdentifier>
    </Filter>
    <Filter Include="src\MarketProcess">
      <UniqueIdentifier>{c234021a-a5db-4e29-a788-b774aa2218eb}</UniqueIdentifier>
    </Filter>
  </ItemGroup>
  <ItemGroup>
    <ClCompile Include="src\stdafx.cpp">
      <Filter>src</Filter>
    </ClCompile>
    <ClCompile Include="src\common\CommonLog.cpp">
      <Filter>src\common</Filter>
    </ClCompile>
    <ClCompile Include="src\common\InstrumentLog.cpp">
      <Filter>src\common</Filter>
    </ClCompile>
    <ClCompile Include="src\common\Log.cpp">
      <Filter>src\common</Filter>
    </ClCompile>
    <ClCompile Include="src\MarketProcess\MarketProcess.cpp">
      <Filter>src\MarketProcess</Filter>
    </ClCompile>
    <ClCompile Include="src\TradeProcess\TradeProcess.cpp">
      <Filter>src\TradeProcess</Filter>
    </ClCompile>
    <ClCompile Include="src\TradeProcess\TradeService.cpp">
      <Filter>src\TradeProcess</Filter>
    </ClCompile>
    <ClCompile Include="src\MarketSubscriber.cpp">
      <Filter>src</Filter>
    </ClCompile>
  </ItemGroup>
  <ItemGroup>
    <ClInclude Include="src\stdafx.h">
      <Filter>src</Filter>
    </ClInclude>
    <ClInclude Include="src\targetver.h">
      <Filter>src</Filter>
    </ClInclude>
    <ClInclude Include="src\common\BackTestAgent.h">
      <Filter>src\common</Filter>
    </ClInclude>
    <ClInclude Include="src\common\CommonLog.h">
      <Filter>src\common</Filter>
    </ClInclude>
    <ClInclude Include="src\common\ConfigReader.h">
      <Filter>src\common</Filter>
    </ClInclude>
    <ClInclude Include="src\common\DataReader.h">
      <Filter>src\common</Filter>
    </ClInclude>
    <ClInclude Include="src\common\DataTypes.h">
      <Filter>src\common</Filter>
    </ClInclude>
    <ClInclude Include="src\common\Hook.h">
      <Filter>src\common</Filter>
    </ClInclude>
    <ClInclude Include="src\common\InstrumentLog.h">
      <Filter>src\common</Filter>
    </ClInclude>
    <ClInclude Include="src\common\Log.h">
      <Filter>src\common</Filter>
    </ClInclude>
    <ClInclude Include="src\common\ParseTradeInfo.h">
      <Filter>src\common</Filter>
    </ClInclude>
    <ClInclude Include="src\common\Timer.h">
      <Filter>src\common</Filter>
    </ClInclude>
    <ClInclude Include="src\CTPAPI\ThostFtdcMdApi.h">
      <Filter>src\CTPAPI</Filter>
    </ClInclude>
    <ClInclude Include="src\CTPAPI\ThostFtdcTraderApi.h">
      <Filter>src\CTPAPI</Filter>
    </ClInclude>
    <ClInclude Include="src\CTPAPI\ThostFtdcUserApiDataType.h">
      <Filter>src\CTPAPI</Filter>
    </ClInclude>
    <ClInclude Include="src\CTPAPI\ThostFtdcUserApiStruct.h">
      <Filter>src\CTPAPI</Filter>
    </ClInclude>
    <ClInclude Include="src\MarketProcess\MarketProcess.h">
      <Filter>src\MarketProcess</Filter>
    </ClInclude>
    <ClInclude Include="src\TradeProcess\TradeProcess.h">
      <Filter>src\TradeProcess</Filter>
    </ClInclude>
  </ItemGroup>
  <ItemGroup>
    <None Include="src\CTPAPI\thostmduserapi.dll">
      <Filter>src\CTPAPI</Filter>
    </None>
    <None Include="src\CTPAPI\thosttraderapi.dll">
      <Filter>src\CTPAPI</Filter>
    </None>
  </ItemGroup>
  <ItemGroup>
    <Library Include="src\CTPAPI\thostmduserapi.lib">
      <Filter>src\CTPAPI</Filter>
    </Library>
    <Library Include="src\CTPAPI\thosttraderapi.lib">
      <Filter>src\CTPAPI</Filter>
    </Library>
  </ItemGroup>
</Project>